
Microsoft Visual Studio Solution File, Format Version 12.00
# Visual Studio 15
VisualStudioVersion = 15.0.28307.539
MinimumVisualStudioVersion = 10.0.40219.1
Project("{FAE04EC0-301F-11D3-BF4B-00C04F79EFBC}") = "Lab4TableOfPowers", "Lab4TableOfPowers\Lab4TableOfPowers.csproj", "{11551F12-CF35-4255-8B7F-EC5CCE559ECE}"
EndProject
Global
	GlobalSection(SolutionConfigurationPlatforms) = preSolution
		Debug|Any CPU = Debug|Any CPU
		Release|Any CPU = Release|Any CPU
	EndGlobalSection
	GlobalSection(ProjectConfigurationPlatforms) = postSolution
		{11551F12-CF35-4255-8B7F-EC5CCE559ECE}.Debug|Any CPU.ActiveCfg = Debug|Any CPU
		{11551F12-CF35-4255-8B7F-EC5CCE559ECE}.Debug|Any CPU.Build.0 = Debug|Any CPU
		{11551F12-CF35-4255-8B7F-EC5CCE559ECE}.Release|Any CPU.ActiveCfg = Release|Any CPU
		{11551F12-CF35-4255-8B7F-EC5CCE559ECE}.Release|Any CPU.Build.0 = Release|Any CPU
	EndGlobalSection
	GlobalSection(SolutionProperties) = preSolution
		HideSolutionNode = FALSE
	EndGlobalSection
	GlobalSection(ExtensibilityGlobals) = postSolution
		SolutionGuid = {DA5B54CE-25FA-4132-B1E0-142DECF7440D}
	EndGlobalSection
EndGlobal
